
Microsoft Visual Studio Solution File, Format Version 12.00
# Visual Studio Version 17
VisualStudioVersion = 17.2.32616.157
MinimumVisualStudioVersion = 10.0.40219.1
Project("{FAE04EC0-301F-11D3-BF4B-00C04F79EFBC}") = "TicTacToe", "TicTacToe\TicTacToe.csproj", "{8AB9B242-F42C-43EE-9248-6F5DDDCB2FB9}"
EndProject
Global
	GlobalSection(SolutionConfigurationPlatforms) = preSolution
		Debug|Any CPU = Debug|Any CPU
		Release|Any CPU = Release|Any CPU
	EndGlobalSection
	GlobalSection(ProjectConfigurationPlatforms) = postSolution
		{8AB9B242-F42C-43EE-9248-6F5DDDCB2FB9}.Debug|Any CPU.ActiveCfg = Debug|Any CPU
		{8AB9B242-F42C-43EE-9248-6F5DDDCB2FB9}.Debug|Any CPU.Build.0 = Debug|Any CPU
		{8AB9B242-F42C-43EE-9248-6F5DDDCB2FB9}.Release|Any CPU.ActiveCfg = Release|Any CPU
		{8AB9B242-F42C-43EE-9248-6F5DDDCB2FB9}.Release|Any CPU.Build.0 = Release|Any CPU
	EndGlobalSection
	GlobalSection(SolutionProperties) = preSolution
		HideSolutionNode = FALSE
	EndGlobalSection
	GlobalSection(ExtensibilityGlobals) = postSolution
		SolutionGuid = {7695F16D-C2BB-45B6-9E31-529E69C67D16}
	EndGlobalSection
EndGlobal
